
Microsoft Visual Studio Solution File, Format Version 12.00
# Visual Studio Version 16
VisualStudioVersion = 16.0.31729.503
MinimumVisualStudioVersion = 10.0.40219.1
Project("{FAE04EC0-301F-11D3-BF4B-00C04F79EFBC}") = "SoftServeTask1", "SoftServeTask1\SoftServeTask1.csproj", "{99299E01-73DA-4B02-85B4-8CAB0AFDDD27}"
EndProject
Project("{FAE04EC0-301F-11D3-BF4B-00C04F79EFBC}") = "SoftServeChessboard", "SoftServeChessboard\SoftServeChessboard.csproj", "{BC7797E5-F849-4970-9AA7-6FA92180F1F4}"
EndProject
Project("{FAE04EC0-301F-11D3-BF4B-00C04F79EFBC}") = "ConsoleApp1", "ConsoleApp1\ConsoleApp1.csproj", "{22927DFE-8145-4F9E-98F9-FEB511490B26}"
EndProject
Project("{FAE04EC0-301F-11D3-BF4B-00C04F79EFBC}") = "SoftServeTask1UnitTest", "SoftServeTask1UnitTest\SoftServeTask1UnitTest.csproj", "{235D23DA-FBE5-4845-9CF4-3B242BA8421B}"
EndProject
Global
	GlobalSection(SolutionConfigurationPlatforms) = preSolution
		Debug|Any CPU = Debug|Any CPU
		Release|Any CPU = Release|Any CPU
	EndGlobalSection
	GlobalSection(ProjectConfigurationPlatforms) = postSolution
		{99299E01-73DA-4B02-85B4-8CAB0AFDDD27}.Debug|Any CPU.ActiveCfg = Debug|Any CPU
		{99299E01-73DA-4B02-85B4-8CAB0AFDDD27}.Debug|Any CPU.Build.0 = Debug|Any CPU
		{99299E01-73DA-4B02-85B4-8CAB0AFDDD27}.Release|Any CPU.ActiveCfg = Release|Any CPU
		{99299E01-73DA-4B02-85B4-8CAB0AFDDD27}.Release|Any CPU.Build.0 = Release|Any CPU
		{BC7797E5-F849-4970-9AA7-6FA92180F1F4}.Debug|Any CPU.ActiveCfg = Debug|Any CPU
		{BC7797E5-F849-4970-9AA7-6FA92180F1F4}.Debug|Any CPU.Build.0 = Debug|Any CPU
		{BC7797E5-F849-4970-9AA7-6FA92180F1F4}.Release|Any CPU.ActiveCfg = Release|Any CPU
		{BC7797E5-F849-4970-9AA7-6FA92180F1F4}.Release|Any CPU.Build.0 = Release|Any CPU
		{22927DFE-8145-4F9E-98F9-FEB511490B26}.Debug|Any CPU.ActiveCfg = Debug|Any CPU
		{22927DFE-8145-4F9E-98F9-FEB511490B26}.Debug|Any CPU.Build.0 = Debug|Any CPU
		{22927DFE-8145-4F9E-98F9-FEB511490B26}.Release|Any CPU.ActiveCfg = Release|Any CPU
		{22927DFE-8145-4F9E-98F9-FEB511490B26}.Release|Any CPU.Build.0 = Release|Any CPU
		{235D23DA-FBE5-4845-9CF4-3B242BA8421B}.Debug|Any CPU.ActiveCfg = Debug|Any CPU
		{235D23DA-FBE5-4845-9CF4-3B242BA8421B}.Debug|Any CPU.Build.0 = Debug|Any CPU
		{235D23DA-FBE5-4845-9CF4-3B242BA8421B}.Release|Any CPU.ActiveCfg = Release|Any CPU
		{235D23DA-FBE5-4845-9CF4-3B242BA8421B}.Release|Any CPU.Build.0 = Release|Any CPU
	EndGlobalSection
	GlobalSection(SolutionProperties) = preSolution
		HideSolutionNode = FALSE
	EndGlobalSection
	GlobalSection(ExtensibilityGlobals) = postSolution
		SolutionGuid = {C881791A-5EAE-4641-98AC-AEAA0BB3337D}
	EndGlobalSection
EndGlobal
